// !$*UTF8*$!
{
	archiveVersion = 1;
	classes = {
	};
	objectVersion = 52;
	objects = {

/* Begin PBXBuildFile section */
		840300341FB6A90600013359 /* AppDelegate.swift in Sources */ = {isa = PBXBuildFile; fileRef = 840300331FB6A90600013359 /* AppDelegate.swift */; };
		840300361FB6A90600013359 /* Assets.xcassets in Resources */ = {isa = PBXBuildFile; fileRef = 840300351FB6A90600013359 /* Assets.xcassets */; };
		840300391FB6A90600013359 /* MainMenu.xib in Resources */ = {isa = PBXBuildFile; fileRef = 840300371FB6A90600013359 /* MainMenu.xib */; };
		840300451FB6A90700013359 /* BHBezelNotification_Demo_AppTests.swift in Sources */ = {isa = PBXBuildFile; fileRef = 840300441FB6A90700013359 /* BHBezelNotification_Demo_AppTests.swift */; };
		841857651FB7792A006DFA07 /* CustomCursorButton.swift in Sources */ = {isa = PBXBuildFile; fileRef = 841857641FB7792A006DFA07 /* CustomCursorButton.swift */; };
		B9CA659127A65260001B1943 /* BezelNotification in Frameworks */ = {isa = PBXBuildFile; productRef = B9CA659027A65260001B1943 /* BezelNotification */; };
		B9CA659327A66158001B1943 /* NSImage Extensions.swift in Sources */ = {isa = PBXBuildFile; fileRef = B9CA659227A66158001B1943 /* NSImage Extensions.swift */; };
/* End PBXBuildFile section */

/* Begin PBXContainerItemProxy section */
		840300411FB6A90700013359 /* PBXContainerItemProxy */ = {
			isa = PBXContainerItemProxy;
			containerPortal = 840300281FB6A90600013359 /* Project object */;
			proxyType = 1;
			remoteGlobalIDString = 8403002F1FB6A90600013359;
			remoteInfo = "BHBezelNotification Demo App";
		};
/* End PBXContainerItemProxy section */

/* Begin PBXFileReference section */
		840300301FB6A90600013359 /* BHBezelNotification Demo App.app */ = {isa = PBXFileReference; explicitFileType = wrapper.application; includeInIndex = 0; path = "BHBezelNotification Demo App.app"; sourceTree = BUILT_PRODUCTS_DIR; };
		840300331FB6A90600013359 /* AppDelegate.swift */ = {isa = PBXFileReference; lastKnownFileType = sourcecode.swift; path = AppDelegate.swift; sourceTree = "<group>"; };
		840300351FB6A90600013359 /* Assets.xcassets */ = {isa = PBXFileReference; lastKnownFileType = folder.assetcatalog; path = Assets.xcassets; sourceTree = "<group>"; };
		840300381FB6A90600013359 /* Base */ = {isa = PBXFileReference; lastKnownFileType = file.xib; name = Base; path = Base.lproj/MainMenu.xib; sourceTree = "<group>"; };
		8403003A1FB6A90600013359 /* Info.plist */ = {isa = PBXFileReference; lastKnownFileType = text.plist.xml; path = Info.plist; sourceTree = "<group>"; };
		8403003B1FB6A90600013359 /* BHBezelNotification_Demo_App.entitlements */ = {isa = PBXFileReference; lastKnownFileType = text.plist.entitlements; path = BHBezelNotification_Demo_App.entitlements; sourceTree = "<group>"; };
		840300401FB6A90700013359 /* BHBezelNotification Demo AppTests.xctest */ = {isa = PBXFileReference; explicitFileType = wrapper.cfbundle; includeInIndex = 0; path = "BHBezelNotification Demo AppTests.xctest"; sourceTree = BUILT_PRODUCTS_DIR; };
		840300441FB6A90700013359 /* BHBezelNotification_Demo_AppTests.swift */ = {isa = PBXFileReference; lastKnownFileType = sourcecode.swift; path = BHBezelNotification_Demo_AppTests.swift; sourceTree = "<group>"; };
		840300461FB6A90700013359 /* Info.plist */ = {isa = PBXFileReference; lastKnownFileType = text.plist.xml; path = Info.plist; sourceTree = "<group>"; };
		8418575F1FB77891006DFA07 /* BHBezelNotification.framework */ = {isa = PBXFileReference; explicitFileType = wrapper.framework; path = BHBezelNotification.framework; sourceTree = BUILT_PRODUCTS_DIR; };
		841857641FB7792A006DFA07 /* CustomCursorButton.swift */ = {isa = PBXFileReference; fileEncoding = 4; lastKnownFileType = sourcecode.swift; path = CustomCursorButton.swift; sourceTree = "<group>"; };
		B9CA659227A66158001B1943 /* NSImage Extensions.swift */ = {isa = PBXFileReference; lastKnownFileType = sourcecode.swift; name = "NSImage Extensions.swift"; path = "../../Sources/BezelNotification/Extensions/NSImage Extensions.swift"; sourceTree = SOURCE_ROOT; };
/* End PBXFileReference section */

/* Begin PBXFrameworksBuildPhase section */
		8403002D1FB6A90600013359 /* Frameworks */ = {
			isa = PBXFrameworksBuildPhase;
			buildActionMask = 2147483647;
			files = (
				B9CA659127A65260001B1943 /* BezelNotification in Frameworks */,
			);
			runOnlyForDeploymentPostprocessing = 0;
		};
		8403003D1FB6A90700013359 /* Frameworks */ = {
			isa = PBXFrameworksBuildPhase;
			buildActionMask = 2147483647;
			files = (
			);
			runOnlyForDeploymentPostprocessing = 0;
		};
/* End PBXFrameworksBuildPhase section */

/* Begin PBXGroup section */
		840300271FB6A90600013359 = {
			isa = PBXGroup;
			children = (
				840300321FB6A90600013359 /* BHBezelNotification Demo App */,
				840300431FB6A90700013359 /* BHBezelNotification Demo AppTests */,
				840300311FB6A90600013359 /* Products */,
				8418575D1FB77891006DFA07 /* Frameworks */,
			);
			sourceTree = "<group>";
		};
		840300311FB6A90600013359 /* Products */ = {
			isa = PBXGroup;
			children = (
				840300301FB6A90600013359 /* BHBezelNotification Demo App.app */,
				840300401FB6A90700013359 /* BHBezelNotification Demo AppTests.xctest */,
			);
			name = Products;
			sourceTree = "<group>";
		};
		840300321FB6A90600013359 /* BHBezelNotification Demo App */ = {
			isa = PBXGroup;
			children = (
				840300331FB6A90600013359 /* AppDelegate.swift */,
				841857641FB7792A006DFA07 /* CustomCursorButton.swift */,
				B9CA659227A66158001B1943 /* NSImage Extensions.swift */,
				840300351FB6A90600013359 /* Assets.xcassets */,
				840300371FB6A90600013359 /* MainMenu.xib */,
				8403003A1FB6A90600013359 /* Info.plist */,
				8403003B1FB6A90600013359 /* BHBezelNotification_Demo_App.entitlements */,
			);
			path = "BHBezelNotification Demo App";
			sourceTree = "<group>";
		};
		840300431FB6A90700013359 /* BHBezelNotification Demo AppTests */ = {
			isa = PBXGroup;
			children = (
				840300441FB6A90700013359 /* BHBezelNotification_Demo_AppTests.swift */,
				840300461FB6A90700013359 /* Info.plist */,
			);
			path = "BHBezelNotification Demo AppTests";
			sourceTree = "<group>";
		};
		8418575D1FB77891006DFA07 /* Frameworks */ = {
			isa = PBXGroup;
			children = (
				8418575F1FB77891006DFA07 /* BHBezelNotification.framework */,
			);
			name = Frameworks;
			sourceTree = "<group>";
		};
/* End PBXGroup section */

/* Begin PBXNativeTarget section */
		8403002F1FB6A90600013359 /* BHBezelNotification Demo App */ = {
			isa = PBXNativeTarget;
			buildConfigurationList = 840300491FB6A90700013359 /* Build configuration list for PBXNativeTarget "BHBezelNotification Demo App" */;
			buildPhases = (
				8403002C1FB6A90600013359 /* Sources */,
				8403002D1FB6A90600013359 /* Frameworks */,
				8403002E1FB6A90600013359 /* Resources */,
			);
			buildRules = (
			);
			dependencies = (
			);
			name = "BHBezelNotification Demo App";
			packageProductDependencies = (
				B9CA659027A65260001B1943 /* BezelNotification */,
			);
			productName = "BHBezelNotification Demo App";
			productReference = 840300301FB6A90600013359 /* BHBezelNotification Demo App.app */;
			productType = "com.apple.product-type.application";
		};
		8403003F1FB6A90700013359 /* BHBezelNotification Demo AppTests */ = {
			isa = PBXNativeTarget;
			buildConfigurationList = 8403004C1FB6A90700013359 /* Build configuration list for PBXNativeTarget "BHBezelNotification Demo AppTests" */;
			buildPhases = (
				8403003C1FB6A90700013359 /* Sources */,
				8403003D1FB6A90700013359 /* Frameworks */,
				8403003E1FB6A90700013359 /* Resources */,
			);
			buildRules = (
			);
			dependencies = (
				840300421FB6A90700013359 /* PBXTargetDependency */,
			);
			name = "BHBezelNotification Demo AppTests";
			productName = "BHBezelNotification Demo AppTests";
			productReference = 840300401FB6A90700013359 /* BHBezelNotification Demo AppTests.xctest */;
			productType = "com.apple.product-type.bundle.unit-test";
		};
/* End PBXNativeTarget section */

/* Begin PBXProject section */
		840300281FB6A90600013359 /* Project object */ = {
			isa = PBXProject;
			attributes = {
				LastSwiftUpdateCheck = 0910;
				LastUpgradeCheck = 1320;
				ORGANIZATIONNAME = "Blue Husky Studios";
				TargetAttributes = {
					8403002F1FB6A90600013359 = {
						CreatedOnToolsVersion = 9.1;
						LastSwiftMigration = 1320;
						ProvisioningStyle = Automatic;
					};
					8403003F1FB6A90700013359 = {
						CreatedOnToolsVersion = 9.1;
						LastSwiftMigration = 1320;
						ProvisioningStyle = Automatic;
						TestTargetID = 8403002F1FB6A90600013359;
					};
				};
			};
			buildConfigurationList = 8403002B1FB6A90600013359 /* Build configuration list for PBXProject "BHBezelNotification Demo App" */;
			compatibilityVersion = "Xcode 8.0";
			developmentRegion = en;
			hasScannedForEncodings = 0;
			knownRegions = (
				en,
				Base,
			);
			mainGroup = 840300271FB6A90600013359;
			productRefGroup = 840300311FB6A90600013359 /* Products */;
			projectDirPath = "";
			projectRoot = "";
			targets = (
				8403002F1FB6A90600013359 /* BHBezelNotification Demo App */,
				8403003F1FB6A90700013359 /* BHBezelNotification Demo AppTests */,
			);
		};
/* End PBXProject section */

/* Begin PBXResourcesBuildPhase section */
		8403002E1FB6A90600013359 /* Resources */ = {
			isa = PBXResourcesBuildPhase;
			buildActionMask = 2147483647;
			files = (
				840300361FB6A90600013359 /* Assets.xcassets in Resources */,
				840300391FB6A90600013359 /* MainMenu.xib in Resources */,
			);
			runOnlyForDeploymentPostprocessing = 0;
		};
		8403003E1FB6A90700013359 /* Resources */ = {
			isa = PBXResourcesBuildPhase;
			buildActionMask = 2147483647;
			files = (
			);
			runOnlyForDeploymentPostprocessing = 0;
		};
/* End PBXResourcesBuildPhase section */

/* Begin PBXSourcesBuildPhase section */
		8403002C1FB6A90600013359 /* Sources */ = {
			isa = PBXSourcesBuildPhase;
			buildActionMask = 2147483647;
			files = (
				B9CA659327A66158001B1943 /* NSImage Extensions.swift in Sources */,
				841857651FB7792A006DFA07 /* CustomCursorButton.swift in Sources */,
				840300341FB6A90600013359 /* AppDelegate.swift in Sources */,
			);
			runOnlyForDeploymentPostprocessing = 0;
		};
		8403003C1FB6A90700013359 /* Sources */ = {
			isa = PBXSourcesBuildPhase;
			buildActionMask = 2147483647;
			files = (
				840300451FB6A90700013359 /* BHBezelNotification_Demo_AppTests.swift in Sources */,
			);
			runOnlyForDeploymentPostprocessing = 0;
		};
/* End PBXSourcesBuildPhase section */

/* Begin PBXTargetDependency section */
		840300421FB6A90700013359 /* PBXTargetDependency */ = {
			isa = PBXTargetDependency;
			target = 8403002F1FB6A90600013359 /* BHBezelNotification Demo App */;
			targetProxy = 840300411FB6A90700013359 /* PBXContainerItemProxy */;
		};
/* End PBXTargetDependency section */

/* Begin PBXVariantGroup section */
		840300371FB6A90600013359 /* MainMenu.xib */ = {
			isa = PBXVariantGroup;
			children = (
				840300381FB6A90600013359 /* Base */,
			);
			name = MainMenu.xib;
			sourceTree = "<group>";
		};
/* End PBXVariantGroup section */

/* Begin XCBuildConfiguration section */
		840300471FB6A90700013359 /* Debug */ = {
			isa = XCBuildConfiguration;
			buildSettings = {
				ALWAYS_SEARCH_USER_PATHS = NO;
				CLANG_ANALYZER_NONNULL = YES;
				CLANG_ANALYZER_NUMBER_OBJECT_CONVERSION = YES_AGGRESSIVE;
				CLANG_CXX_LANGUAGE_STANDARD = "gnu++14";
				CLANG_CXX_LIBRARY = "libc++";
				CLANG_ENABLE_MODULES = YES;
				CLANG_ENABLE_OBJC_ARC = YES;
				CLANG_WARN_BLOCK_CAPTURE_AUTORELEASING = YES;
				CLANG_WARN_BOOL_CONVERSION = YES;
				CLANG_WARN_COMMA = YES;
				CLANG_WARN_CONSTANT_CONVERSION = YES;
				CLANG_WARN_DEPRECATED_OBJC_IMPLEMENTATIONS = YES;
				CLANG_WARN_DIRECT_OBJC_ISA_USAGE = YES_ERROR;
				CLANG_WARN_DOCUMENTATION_COMMENTS = YES;
				CLANG_WARN_EMPTY_BODY = YES;
				CLANG_WARN_ENUM_CONVERSION = YES;
				CLANG_WARN_INFINITE_RECURSION = YES;
				CLANG_WARN_INT_CONVERSION = YES;
				CLANG_WARN_NON_LITERAL_NULL_CONVERSION = YES;
				CLANG_WARN_OBJC_IMPLICIT_RETAIN_SELF = YES;
				CLANG_WARN_OBJC_LITERAL_CONVERSION = YES;
				CLANG_WARN_OBJC_ROOT_CLASS = YES_ERROR;
				CLANG_WARN_QUOTED_INCLUDE_IN_FRAMEWORK_HEADER = YES;
				CLANG_WARN_RANGE_LOOP_ANALYSIS = YES;
				CLANG_WARN_STRICT_PROTOTYPES = YES;
				CLANG_WARN_SUSPICIOUS_MOVE = YES;
				CLANG_WARN_UNGUARDED_AVAILABILITY = YES_AGGRESSIVE;
				CLANG_WARN_UNREACHABLE_CODE = YES;
				CLANG_WARN__DUPLICATE_METHOD_MATCH = YES;
				CODE_SIGN_IDENTITY = "-";
				COPY_PHASE_STRIP = NO;
				DEBUG_INFORMATION_FORMAT = dwarf;
				ENABLE_STRICT_OBJC_MSGSEND = YES;
				ENABLE_TESTABILITY = YES;
				GCC_C_LANGUAGE_STANDARD = gnu11;
				GCC_DYNAMIC_NO_PIC = NO;
				GCC_NO_COMMON_BLOCKS = YES;
				GCC_OPTIMIZATION_LEVEL = 0;
				GCC_PREPROCESSOR_DEFINITIONS = (
					"DEBUG=1",
					"$(inherited)",
				);
				GCC_WARN_64_TO_32_BIT_CONVERSION = YES;
				GCC_WARN_ABOUT_RETURN_TYPE = YES_ERROR;
				GCC_WARN_UNDECLARED_SELECTOR = YES;
				GCC_WARN_UNINITIALIZED_AUTOS = YES_AGGRESSIVE;
				GCC_WARN_UNUSED_FUNCTION = YES;
				GCC_WARN_UNUSED_VARIABLE = YES;
				MACOSX_DEPLOYMENT_TARGET = 11.0;
				MTL_ENABLE_DEBUG_INFO = YES;
				ONLY_ACTIVE_ARCH = YES;
				SDKROOT = macosx;
				SWIFT_ACTIVE_COMPILATION_CONDITIONS = DEBUG;
				SWIFT_OPTIMIZATION_LEVEL = "-Onone";
			};
			name = Debug;
		};
		840300481FB6A90700013359 /* Release */ = {
			isa = XCBuildConfiguration;
			buildSettings = {
				ALWAYS_SEARCH_USER_PATHS = NO;
				CLANG_ANALYZER_NONNULL = YES;
				CLANG_ANALYZER_NUMBER_OBJECT_CONVERSION = YES_AGGRESSIVE;
				CLANG_CXX_LANGUAGE_STANDARD = "gnu++14";
				CLANG_CXX_LIBRARY = "libc++";
				CLANG_ENABLE_MODULES = YES;
				CLANG_ENABLE_OBJC_ARC = YES;
				CLANG_WARN_BLOCK_CAPTURE_AUTORELEASING = YES;
				CLANG_WARN_BOOL_CONVERSION = YES;
				CLANG_WARN_COMMA = YES;
				CLANG_WARN_CONSTANT_CONVERSION = YES;
				CLANG_WARN_DEPRECATED_OBJC_IMPLEMENTATIONS = YES;
				CLANG_WARN_DIRECT_OBJC_ISA_USAGE = YES_ERROR;
				CLANG_WARN_DOCUMENTATION_COMMENTS = YES;
				CLANG_WARN_EMPTY_BODY = YES;
				CLANG_WARN_ENUM_CONVERSION = YES;
				CLANG_WARN_INFINITE_RECURSION = YES;
				CLANG_WARN_INT_CONVERSION = YES;
				CLANG_WARN_NON_LITERAL_NULL_CONVERSION = YES;
				CLANG_WARN_OBJC_IMPLICIT_RETAIN_SELF = YES;
				CLANG_WARN_OBJC_LITERAL_CONVERSION = YES;
				CLANG_WARN_OBJC_ROOT_CLASS = YES_ERROR;
				CLANG_WARN_QUOTED_INCLUDE_IN_FRAMEWORK_HEADER = YES;
				CLANG_WARN_RANGE_LOOP_ANALYSIS = YES;
				CLANG_WARN_STRICT_PROTOTYPES = YES;
				CLANG_WARN_SUSPICIOUS_MOVE = YES;
				CLANG_WARN_UNGUARDED_AVAILABILITY = YES_AGGRESSIVE;
				CLANG_WARN_UNREACHABLE_CODE = YES;
				CLANG_WARN__DUPLICATE_METHOD_MATCH = YES;
				CODE_SIGN_IDENTITY = "-";
				COPY_PHASE_STRIP = NO;
				DEBUG_INFORMATION_FORMAT = "dwarf-with-dsym";
				ENABLE_NS_ASSERTIONS = NO;
				ENABLE_STRICT_OBJC_MSGSEND = YES;
				GCC_C_LANGUAGE_STANDARD = gnu11;
				GCC_NO_COMMON_BLOCKS = YES;
				GCC_WARN_64_TO_32_BIT_CONVERSION = YES;
				GCC_WARN_ABOUT_RETURN_TYPE = YES_ERROR;
				GCC_WARN_UNDECLARED_SELECTOR = YES;
				GCC_WARN_UNINITIALIZED_AUTOS = YES_AGGRESSIVE;
				GCC_WARN_UNUSED_FUNCTION = YES;
				GCC_WARN_UNUSED_VARIABLE = YES;
				MACOSX_DEPLOYMENT_TARGET = 11.0;
				MTL_ENABLE_DEBUG_INFO = NO;
				SDKROOT = macosx;
				SWIFT_COMPILATION_MODE = wholemodule;
				SWIFT_OPTIMIZATION_LEVEL = "-O";
			};
			name = Release;
		};
		8403004A1FB6A90700013359 /* Debug */ = {
			isa = XCBuildConfiguration;
			buildSettings = {
				ASSETCATALOG_COMPILER_APPICON_NAME = AppIcon;
				CODE_SIGN_ENTITLEMENTS = "BHBezelNotification Demo App/BHBezelNotification_Demo_App.entitlements";
				CODE_SIGN_IDENTITY = "-";
				CODE_SIGN_STYLE = Automatic;
				COMBINE_HIDPI_IMAGES = YES;
				CURRENT_PROJECT_VERSION = 3;
				INFOPLIST_FILE = "BHBezelNotification Demo App/Info.plist";
				LD_RUNPATH_SEARCH_PATHS = (
					"$(inherited)",
					"@executable_path/../Frameworks",
				);
				MARKETING_VERSION = 2.0.0;
				PRODUCT_BUNDLE_IDENTIFIER = "org.bh.BHBezelNotification-Demo-App";
				PRODUCT_NAME = "$(TARGET_NAME)";
				SWIFT_VERSION = 5.0;
			};
			name = Debug;
		};
		8403004B1FB6A90700013359 /* Release */ = {
			isa = XCBuildConfiguration;
			buildSettings = {
				ASSETCATALOG_COMPILER_APPICON_NAME = AppIcon;
				CODE_SIGN_ENTITLEMENTS = "BHBezelNotification Demo App/BHBezelNotification_Demo_App.entitlements";
				CODE_SIGN_IDENTITY = "-";
				CODE_SIGN_STYLE = Automatic;
				COMBINE_HIDPI_IMAGES = YES;
				CURRENT_PROJECT_VERSION = 3;
				INFOPLIST_FILE = "BHBezelNotification Demo App/Info.plist";
				LD_RUNPATH_SEARCH_PATHS = (
					"$(inherited)",
					"@executable_path/../Frameworks",
				);
				MARKETING_VERSION = 2.0.0;
				PRODUCT_BUNDLE_IDENTIFIER = "org.bh.BHBezelNotification-Demo-App";
				PRODUCT_NAME = "$(TARGET_NAME)";
				SWIFT_VERSION = 5.0;
			};
			name = Release;
		};
		8403004D1FB6A90700013359 /* Debug */ = {
			isa = XCBuildConfiguration;
			buildSettings = {
				ALWAYS_EMBED_SWIFT_STANDARD_LIBRARIES = YES;
				BUNDLE_LOADER = "$(TEST_HOST)";
				CODE_SIGN_STYLE = Automatic;
				COMBINE_HIDPI_IMAGES = YES;
				INFOPLIST_FILE = "BHBezelNotification Demo AppTests/Info.plist";
				LD_RUNPATH_SEARCH_PATHS = (
					"$(inherited)",
					"@executable_path/../Frameworks",
					"@loader_path/../Frameworks",
				);
				PRODUCT_BUNDLE_IDENTIFIER = "org.bh.BHBezelNotification-Demo-AppTests";
				PRODUCT_NAME = "$(TARGET_NAME)";
				SWIFT_VERSION = 5.0;
				TEST_HOST = "$(BUILT_PRODUCTS_DIR)/BHBezelNotification Demo App.app/Contents/MacOS/BHBezelNotification Demo App";
			};
			name = Debug;
		};
		8403004E1FB6A90700013359 /* Release */ = {
			isa = XCBuildConfiguration;
			buildSettings = {
				ALWAYS_EMBED_SWIFT_STANDARD_LIBRARIES = YES;
				BUNDLE_LOADER = "$(TEST_HOST)";
				CODE_SIGN_STYLE = Automatic;
				COMBINE_HIDPI_IMAGES = YES;
				INFOPLIST_FILE = "BHBezelNotification Demo AppTests/Info.plist";
				LD_RUNPATH_SEARCH_PATHS = (
					"$(inherited)",
					"@executable_path/../Frameworks",
					"@loader_path/../Frameworks",
				);
				PRODUCT_BUNDLE_IDENTIFIER = "org.bh.BHBezelNotification-Demo-AppTests";
				PRODUCT_NAME = "$(TARGET_NAME)";
				SWIFT_VERSION = 5.0;
				TEST_HOST = "$(BUILT_PRODUCTS_DIR)/BHBezelNotification Demo App.app/Contents/MacOS/BHBezelNotification Demo App";
			};
			name = Release;
		};
/* End XCBuildConfiguration section */

/* Begin XCConfigurationList section */
		8403002B1FB6A90600013359 /* Build configuration list for PBXProject "BHBezelNotification Demo App" */ = {
			isa = XCConfigurationList;
			buildConfigurations = (
				840300471FB6A90700013359 /* Debug */,
				840300481FB6A90700013359 /* Release */,
			);
			defaultConfigurationIsVisible = 0;
			defaultConfigurationName = Release;
		};
		840300491FB6A90700013359 /* Build configuration list for PBXNativeTarget "BHBezelNotification Demo App" */ = {
			isa = XCConfigurationList;
			buildConfigurations = (
				8403004A1FB6A90700013359 /* Debug */,
				8403004B1FB6A90700013359 /* Release */,
			);
			defaultConfigurationIsVisible = 0;
			defaultConfigurationName = Release;
		};
		8403004C1FB6A90700013359 /* Build configuration list for PBXNativeTarget "BHBezelNotification Demo AppTests" */ = {
			isa = XCConfigurationList;
			buildConfigurations = (
				8403004D1FB6A90700013359 /* Debug */,
				8403004E1FB6A90700013359 /* Release */,
			);
			defaultConfigurationIsVisible = 0;
			defaultConfigurationName = Release;
		};
/* End XCConfigurationList section */

/* Begin XCSwiftPackageProductDependency section */
		B9CA659027A65260001B1943 /* BezelNotification */ = {
			isa = XCSwiftPackageProductDependency;
			productName = BezelNotification;
		};
/* End XCSwiftPackageProductDependency section */
	};
	rootObject = 840300281FB6A90600013359 /* Project object */;
}
